
Microsoft Visual Studio Solution File, Format Version 12.00
# Visual Studio 14
VisualStudioVersion = 14.0.25123.0
MinimumVisualStudioVersion = 10.0.40219.1
Project("{FAE04EC0-301F-11D3-BF4B-00C04F79EFBC}") = "VMAX", "VMAX\VMAX.csproj", "{E633F2A6-449D-4D1C-AE1D-0B73BA0A6C18}"
EndProject
Global
	GlobalSection(SolutionConfigurationPlatforms) = preSolution
		Debug|Any CPU = Debug|Any CPU
		Release|Any CPU = Release|Any CPU
	EndGlobalSection
	GlobalSection(ProjectConfigurationPlatforms) = postSolution
		{E633F2A6-449D-4D1C-AE1D-0B73BA0A6C18}.Debug|Any CPU.ActiveCfg = Debug|Any CPU
		{E633F2A6-449D-4D1C-AE1D-0B73BA0A6C18}.Debug|Any CPU.Build.0 = Debug|Any CPU
		{E633F2A6-449D-4D1C-AE1D-0B73BA0A6C18}.Release|Any CPU.ActiveCfg = Release|Any CPU
		{E633F2A6-449D-4D1C-AE1D-0B73BA0A6C18}.Release|Any CPU.Build.0 = Release|Any CPU
	EndGlobalSection
	GlobalSection(SolutionProperties) = preSolution
		HideSolutionNode = FALSE
	EndGlobalSection
EndGlobal
